
Microsoft Visual Studio Solution File, Format Version 12.00
# Visual Studio Version 16
VisualStudioVersion = 16.0.33130.400
MinimumVisualStudioVersion = 10.0.40219.1
Project("{FAE04EC0-301F-11D3-BF4B-00C04F79EFBC}") = "Badania Operacyjne - Projekt", "Badania Operacyjne - Projekt\Badania Operacyjne - Projekt.csproj", "{43788A64-4635-4013-8086-7776A225CDF7}"
EndProject
Global
	GlobalSection(SolutionConfigurationPlatforms) = preSolution
		Debug|Any CPU = Debug|Any CPU
		Release|Any CPU = Release|Any CPU
	EndGlobalSection
	GlobalSection(ProjectConfigurationPlatforms) = postSolution
		{43788A64-4635-4013-8086-7776A225CDF7}.Debug|Any CPU.ActiveCfg = Debug|Any CPU
		{43788A64-4635-4013-8086-7776A225CDF7}.Debug|Any CPU.Build.0 = Debug|Any CPU
		{43788A64-4635-4013-8086-7776A225CDF7}.Release|Any CPU.ActiveCfg = Release|Any CPU
		{43788A64-4635-4013-8086-7776A225CDF7}.Release|Any CPU.Build.0 = Release|Any CPU
	EndGlobalSection
	GlobalSection(SolutionProperties) = preSolution
		HideSolutionNode = FALSE
	EndGlobalSection
	GlobalSection(ExtensibilityGlobals) = postSolution
		SolutionGuid = {C57094B7-F9ED-4F2A-82DB-5EC60327B1CA}
	EndGlobalSection
EndGlobal
